
Microsoft Visual Studio Solution File, Format Version 12.00
# Visual Studio Version 16
VisualStudioVersion = 16.0.29418.71
MinimumVisualStudioVersion = 10.0.40219.1
Project("{9A19103F-16F7-4668-BE54-9A1E7A4F7556}") = "Piling", "src\Piling\Piling.csproj", "{19C78C67-15E5-4768-9018-9730FD14F1E3}"
EndProject
Project("{9A19103F-16F7-4668-BE54-9A1E7A4F7556}") = "Cedar", "src\Cedar\Cedar.csproj", "{784517B7-0F92-4401-BCBF-CD2E1FB5FDFB}"
EndProject
Project("{9A19103F-16F7-4668-BE54-9A1E7A4F7556}") = "CedarCore", "src\CedarCore\CedarCore.csproj", "{91524F20-D54E-4B86-AEDE-5565C1735EB8}"
EndProject
Project("{930C7802-8A8C-48F9-8165-68863BCCD9DD}") = "Installer", "src\Installer\Installer.wixproj", "{9474A224-6F09-47EF-91F1-3D522E502698}"
EndProject
Global
	GlobalSection(SolutionConfigurationPlatforms) = preSolution
		Debug2017|x64 = Debug2017|x64
		Debug2020|x64 = Debug2020|x64
		Debug|x64 = Debug|x64
		Release2017|x64 = Release2017|x64
		Release2020|x64 = Release2020|x64
		Release|x64 = Release|x64
	EndGlobalSection
	GlobalSection(ProjectConfigurationPlatforms) = postSolution
		{19C78C67-15E5-4768-9018-9730FD14F1E3}.Debug2017|x64.ActiveCfg = Debug2017|x64
		{19C78C67-15E5-4768-9018-9730FD14F1E3}.Debug2017|x64.Build.0 = Debug2017|x64
		{19C78C67-15E5-4768-9018-9730FD14F1E3}.Debug2020|x64.ActiveCfg = Debug2020|x64
		{19C78C67-15E5-4768-9018-9730FD14F1E3}.Debug2020|x64.Build.0 = Debug2020|x64
		{19C78C67-15E5-4768-9018-9730FD14F1E3}.Debug|x64.ActiveCfg = Debug2020|x64
		{19C78C67-15E5-4768-9018-9730FD14F1E3}.Debug|x64.Build.0 = Debug2020|x64
		{19C78C67-15E5-4768-9018-9730FD14F1E3}.Release2017|x64.ActiveCfg = Release2017|x64
		{19C78C67-15E5-4768-9018-9730FD14F1E3}.Release2017|x64.Build.0 = Release2017|x64
		{19C78C67-15E5-4768-9018-9730FD14F1E3}.Release2020|x64.ActiveCfg = Release2020|x64
		{19C78C67-15E5-4768-9018-9730FD14F1E3}.Release2020|x64.Build.0 = Release2020|x64
		{19C78C67-15E5-4768-9018-9730FD14F1E3}.Release|x64.ActiveCfg = Release2020|x64
		{19C78C67-15E5-4768-9018-9730FD14F1E3}.Release|x64.Build.0 = Release2020|x64
		{784517B7-0F92-4401-BCBF-CD2E1FB5FDFB}.Debug2017|x64.ActiveCfg = Debug2017|x64
		{784517B7-0F92-4401-BCBF-CD2E1FB5FDFB}.Debug2017|x64.Build.0 = Debug2017|x64
		{784517B7-0F92-4401-BCBF-CD2E1FB5FDFB}.Debug2020|x64.ActiveCfg = Debug2020|x64
		{784517B7-0F92-4401-BCBF-CD2E1FB5FDFB}.Debug2020|x64.Build.0 = Debug2020|x64
		{784517B7-0F92-4401-BCBF-CD2E1FB5FDFB}.Debug|x64.ActiveCfg = Debug2020|x64
		{784517B7-0F92-4401-BCBF-CD2E1FB5FDFB}.Debug|x64.Build.0 = Debug2020|x64
		{784517B7-0F92-4401-BCBF-CD2E1FB5FDFB}.Release2017|x64.ActiveCfg = Release2017|x64
		{784517B7-0F92-4401-BCBF-CD2E1FB5FDFB}.Release2017|x64.Build.0 = Release2017|x64
		{784517B7-0F92-4401-BCBF-CD2E1FB5FDFB}.Release2020|x64.ActiveCfg = Release2020|x64
		{784517B7-0F92-4401-BCBF-CD2E1FB5FDFB}.Release|x64.ActiveCfg = Release2020|x64
		{784517B7-0F92-4401-BCBF-CD2E1FB5FDFB}.Release|x64.Build.0 = Release2020|x64
		{91524F20-D54E-4B86-AEDE-5565C1735EB8}.Debug2017|x64.ActiveCfg = Debug2017|x64
		{91524F20-D54E-4B86-AEDE-5565C1735EB8}.Debug2017|x64.Build.0 = Debug2017|x64
		{91524F20-D54E-4B86-AEDE-5565C1735EB8}.Debug2020|x64.ActiveCfg = Debug2020|x64
		{91524F20-D54E-4B86-AEDE-5565C1735EB8}.Debug2020|x64.Build.0 = Debug2020|x64
		{91524F20-D54E-4B86-AEDE-5565C1735EB8}.Debug|x64.ActiveCfg = Debug2020|x64
		{91524F20-D54E-4B86-AEDE-5565C1735EB8}.Debug|x64.Build.0 = Debug2020|x64
		{91524F20-D54E-4B86-AEDE-5565C1735EB8}.Release2017|x64.ActiveCfg = Release2017|x64
		{91524F20-D54E-4B86-AEDE-5565C1735EB8}.Release2017|x64.Build.0 = Release2017|x64
		{91524F20-D54E-4B86-AEDE-5565C1735EB8}.Release2020|x64.ActiveCfg = Release2020|x64
		{91524F20-D54E-4B86-AEDE-5565C1735EB8}.Release2020|x64.Build.0 = Release2020|x64
		{91524F20-D54E-4B86-AEDE-5565C1735EB8}.Release|x64.ActiveCfg = Release2020|x64
		{91524F20-D54E-4B86-AEDE-5565C1735EB8}.Release|x64.Build.0 = Release2020|x64
		{9474A224-6F09-47EF-91F1-3D522E502698}.Debug2017|x64.ActiveCfg = Release|x86
		{9474A224-6F09-47EF-91F1-3D522E502698}.Debug2017|x64.Build.0 = Release|x86
		{9474A224-6F09-47EF-91F1-3D522E502698}.Debug2020|x64.ActiveCfg = Release|x86
		{9474A224-6F09-47EF-91F1-3D522E502698}.Debug2020|x64.Build.0 = Release|x86
		{9474A224-6F09-47EF-91F1-3D522E502698}.Debug|x64.ActiveCfg = Debug|x86
		{9474A224-6F09-47EF-91F1-3D522E502698}.Release2017|x64.ActiveCfg = Debug|x64
		{9474A224-6F09-47EF-91F1-3D522E502698}.Release2017|x64.Build.0 = Debug|x64
		{9474A224-6F09-47EF-91F1-3D522E502698}.Release2020|x64.ActiveCfg = Release|x86
		{9474A224-6F09-47EF-91F1-3D522E502698}.Release2020|x64.Build.0 = Release|x86
		{9474A224-6F09-47EF-91F1-3D522E502698}.Release|x64.ActiveCfg = Release|x86
	EndGlobalSection
	GlobalSection(SolutionProperties) = preSolution
		HideSolutionNode = FALSE
	EndGlobalSection
	GlobalSection(ExtensibilityGlobals) = postSolution
		SolutionGuid = {D30CC696-A628-4F59-947A-0A4EEE81F0C4}
	EndGlobalSection
EndGlobal
